Microsoft Visual Studio Solution File, Format Version 12.00
# Visual Studio Version 16
VisualStudioVersion = 16.0.0.0
MinimumVisualStudioVersion = 16.0.0.0
Project("{9A19103F-16F7-4668-BE54-9A1E7A4F7556}") = "Resumade.Server", "Server\Resumade.Server.csproj", "{73C58DC6-F8B3-4E7C-B7B5-7C48A728A567}"
EndProject
Project("{9A19103F-16F7-4668-BE54-9A1E7A4F7556}") = "Resumade.Client", "Client\Resumade.Client.csproj", "{A97214B8-16AD-47B7-806A-23A5718B8004}"
EndProject
Project("{9A19103F-16F7-4668-BE54-9A1E7A4F7556}") = "Resumade.Shared", "Shared\Resumade.Shared.csproj", "{FDFE640C-FF24-4148-B522-19DF79F3E962}"
EndProject
Project("{FAE04EC0-301F-11D3-BF4B-00C04F79EFBC}") = "Resumade.Tests", "Resumade.Tests\Resumade.Tests.csproj", "{A6651F39-4A5C-489E-BFE4-932C2A610475}"
EndProject
Global
	GlobalSection(SolutionConfigurationPlatforms) = preSolution
		Debug|Any CPU = Debug|Any CPU
		Debug|x64 = Debug|x64
		Debug|x86 = Debug|x86
		Release|Any CPU = Release|Any CPU
		Release|x64 = Release|x64
		Release|x86 = Release|x86
	EndGlobalSection
	GlobalSection(ProjectConfigurationPlatforms) = postSolution
		{A97214B8-16AD-47B7-806A-23A5718B8004}.Debug|Any CPU.ActiveCfg = Debug|Any CPU
		{A97214B8-16AD-47B7-806A-23A5718B8004}.Debug|Any CPU.Build.0 = Debug|Any CPU
		{A97214B8-16AD-47B7-806A-23A5718B8004}.Debug|x64.ActiveCfg = Debug|Any CPU
		{A97214B8-16AD-47B7-806A-23A5718B8004}.Debug|x64.Build.0 = Debug|Any CPU
		{A97214B8-16AD-47B7-806A-23A5718B8004}.Debug|x86.ActiveCfg = Debug|Any CPU
		{A97214B8-16AD-47B7-806A-23A5718B8004}.Debug|x86.Build.0 = Debug|Any CPU
		{A97214B8-16AD-47B7-806A-23A5718B8004}.Release|Any CPU.ActiveCfg = Release|Any CPU
		{A97214B8-16AD-47B7-806A-23A5718B8004}.Release|Any CPU.Build.0 = Release|Any CPU
		{A97214B8-16AD-47B7-806A-23A5718B8004}.Release|x64.ActiveCfg = Release|Any CPU
		{A97214B8-16AD-47B7-806A-23A5718B8004}.Release|x64.Build.0 = Release|Any CPU
		{A97214B8-16AD-47B7-806A-23A5718B8004}.Release|x86.ActiveCfg = Release|Any CPU
		{A97214B8-16AD-47B7-806A-23A5718B8004}.Release|x86.Build.0 = Release|Any CPU
		{73C58DC6-F8B3-4E7C-B7B5-7C48A728A567}.Debug|Any CPU.ActiveCfg = Debug|Any CPU
		{73C58DC6-F8B3-4E7C-B7B5-7C48A728A567}.Debug|Any CPU.Build.0 = Debug|Any CPU
		{73C58DC6-F8B3-4E7C-B7B5-7C48A728A567}.Debug|x64.ActiveCfg = Debug|Any CPU
		{73C58DC6-F8B3-4E7C-B7B5-7C48A728A567}.Debug|x64.Build.0 = Debug|Any CPU
		{73C58DC6-F8B3-4E7C-B7B5-7C48A728A567}.Debug|x86.ActiveCfg = Debug|Any CPU
		{73C58DC6-F8B3-4E7C-B7B5-7C48A728A567}.Debug|x86.Build.0 = Debug|Any CPU
		{73C58DC6-F8B3-4E7C-B7B5-7C48A728A567}.Release|Any CPU.ActiveCfg = Release|Any CPU
		{73C58DC6-F8B3-4E7C-B7B5-7C48A728A567}.Release|Any CPU.Build.0 = Release|Any CPU
		{73C58DC6-F8B3-4E7C-B7B5-7C48A728A567}.Release|x64.ActiveCfg = Release|Any CPU
		{73C58DC6-F8B3-4E7C-B7B5-7C48A728A567}.Release|x64.Build.0 = Release|Any CPU
		{73C58DC6-F8B3-4E7C-B7B5-7C48A728A567}.Release|x86.ActiveCfg = Release|Any CPU
		{73C58DC6-F8B3-4E7C-B7B5-7C48A728A567}.Release|x86.Build.0 = Release|Any CPU
		{FDFE640C-FF24-4148-B522-19DF79F3E962}.Debug|Any CPU.ActiveCfg = Debug|Any CPU
		{FDFE640C-FF24-4148-B522-19DF79F3E962}.Debug|Any CPU.Build.0 = Debug|Any CPU
		{FDFE640C-FF24-4148-B522-19DF79F3E962}.Debug|x64.ActiveCfg = Debug|Any CPU
		{FDFE640C-FF24-4148-B522-19DF79F3E962}.Debug|x64.Build.0 = Debug|Any CPU
		{FDFE640C-FF24-4148-B522-19DF79F3E962}.Debug|x86.ActiveCfg = Debug|Any CPU
		{FDFE640C-FF24-4148-B522-19DF79F3E962}.Debug|x86.Build.0 = Debug|Any CPU
		{FDFE640C-FF24-4148-B522-19DF79F3E962}.Release|Any CPU.ActiveCfg = Release|Any CPU
		{FDFE640C-FF24-4148-B522-19DF79F3E962}.Release|Any CPU.Build.0 = Release|Any CPU
		{FDFE640C-FF24-4148-B522-19DF79F3E962}.Release|x64.ActiveCfg = Release|Any CPU
		{FDFE640C-FF24-4148-B522-19DF79F3E962}.Release|x64.Build.0 = Release|Any CPU
		{FDFE640C-FF24-4148-B522-19DF79F3E962}.Release|x86.ActiveCfg = Release|Any CPU
		{FDFE640C-FF24-4148-B522-19DF79F3E962}.Release|x86.Build.0 = Release|Any CPU
		{A6651F39-4A5C-489E-BFE4-932C2A610475}.Debug|Any CPU.ActiveCfg = Debug|Any CPU
		{A6651F39-4A5C-489E-BFE4-932C2A610475}.Debug|Any CPU.Build.0 = Debug|Any CPU
		{A6651F39-4A5C-489E-BFE4-932C2A610475}.Debug|x64.ActiveCfg = Debug|Any CPU
		{A6651F39-4A5C-489E-BFE4-932C2A610475}.Debug|x64.Build.0 = Debug|Any CPU
		{A6651F39-4A5C-489E-BFE4-932C2A610475}.Debug|x86.ActiveCfg = Debug|Any CPU
		{A6651F39-4A5C-489E-BFE4-932C2A610475}.Debug|x86.Build.0 = Debug|Any CPU
		{A6651F39-4A5C-489E-BFE4-932C2A610475}.Release|Any CPU.ActiveCfg = Release|Any CPU
		{A6651F39-4A5C-489E-BFE4-932C2A610475}.Release|Any CPU.Build.0 = Release|Any CPU
		{A6651F39-4A5C-489E-BFE4-932C2A610475}.Release|x64.ActiveCfg = Release|Any CPU
		{A6651F39-4A5C-489E-BFE4-932C2A610475}.Release|x64.Build.0 = Release|Any CPU
		{A6651F39-4A5C-489E-BFE4-932C2A610475}.Release|x86.ActiveCfg = Release|Any CPU
		{A6651F39-4A5C-489E-BFE4-932C2A610475}.Release|x86.Build.0 = Release|Any CPU
	EndGlobalSection
	GlobalSection(SolutionProperties) = preSolution
		HideSolutionNode = FALSE
	EndGlobalSection
	GlobalSection(ExtensibilityGlobals) = postSolution
		SolutionGuid = {4A53D28A-21A6-4061-974B-A50A83028CE5}
	EndGlobalSection
EndGlobal
